
Microsoft Visual Studio Solution File, Format Version 12.00
# Visual Studio Version 16
VisualStudioVersion = 16.0.31729.503
MinimumVisualStudioVersion = 10.0.40219.1
Project("{FAE04EC0-301F-11D3-BF4B-00C04F79EFBC}") = "CarLab_API", "CarLab_API\CarLab_API.csproj", "{5EDB57E5-558E-4016-8603-D00751ABA5BA}"
EndProject
Global
	GlobalSection(SolutionConfigurationPlatforms) = preSolution
		Debug|Any CPU = Debug|Any CPU
		Release|Any CPU = Release|Any CPU
	EndGlobalSection
	GlobalSection(ProjectConfigurationPlatforms) = postSolution
		{5EDB57E5-558E-4016-8603-D00751ABA5BA}.Debug|Any CPU.ActiveCfg = Debug|Any CPU
		{5EDB57E5-558E-4016-8603-D00751ABA5BA}.Debug|Any CPU.Build.0 = Debug|Any CPU
		{5EDB57E5-558E-4016-8603-D00751ABA5BA}.Release|Any CPU.ActiveCfg = Release|Any CPU
		{5EDB57E5-558E-4016-8603-D00751ABA5BA}.Release|Any CPU.Build.0 = Release|Any CPU
	EndGlobalSection
	GlobalSection(SolutionProperties) = preSolution
		HideSolutionNode = FALSE
	EndGlobalSection
	GlobalSection(ExtensibilityGlobals) = postSolution
		SolutionGuid = {77D080E7-B7D9-418D-9297-F37A601AA078}
	EndGlobalSection
EndGlobal
